
Microsoft Visual Studio Solution File, Format Version 12.00
# Visual Studio 15
VisualStudioVersion = 15.0.27130.2010
MinimumVisualStudioVersion = 10.0.40219.1
Project("{FAE04EC0-301F-11D3-BF4B-00C04F79EFBC}") = "UpworkNotifier", "UpworkNotifier\UpworkNotifier.csproj", "{D0EF2783-84EE-48A1-8656-17EB3478B37C}"
EndProject
Project("{FAE04EC0-301F-11D3-BF4B-00C04F79EFBC}") = "WpfUtilities", "WpfUtilities\WpfUtilities.csproj", "{675303EE-10BC-4043-BA69-883B7B79119B}"
EndProject
Global
	GlobalSection(SolutionConfigurationPlatforms) = preSolution
		Debug|Any CPU = Debug|Any CPU
		Release|Any CPU = Release|Any CPU
	EndGlobalSection
	GlobalSection(ProjectConfigurationPlatforms) = postSolution
		{D0EF2783-84EE-48A1-8656-17EB3478B37C}.Debug|Any CPU.ActiveCfg = Debug|Any CPU
		{D0EF2783-84EE-48A1-8656-17EB3478B37C}.Debug|Any CPU.Build.0 = Debug|Any CPU
		{D0EF2783-84EE-48A1-8656-17EB3478B37C}.Release|Any CPU.ActiveCfg = Release|Any CPU
		{D0EF2783-84EE-48A1-8656-17EB3478B37C}.Release|Any CPU.Build.0 = Release|Any CPU
		{675303EE-10BC-4043-BA69-883B7B79119B}.Debug|Any CPU.ActiveCfg = Debug|Any CPU
		{675303EE-10BC-4043-BA69-883B7B79119B}.Debug|Any CPU.Build.0 = Debug|Any CPU
		{675303EE-10BC-4043-BA69-883B7B79119B}.Release|Any CPU.ActiveCfg = Release|Any CPU
		{675303EE-10BC-4043-BA69-883B7B79119B}.Release|Any CPU.Build.0 = Release|Any CPU
	EndGlobalSection
	GlobalSection(SolutionProperties) = preSolution
		HideSolutionNode = FALSE
	EndGlobalSection
	GlobalSection(ExtensibilityGlobals) = postSolution
		SolutionGuid = {6C70315F-7EB4-4364-80B1-E11D508A5071}
	EndGlobalSection
EndGlobal
